
Microsoft Visual Studio Solution File, Format Version 12.00
# Visual Studio 2013
VisualStudioVersion = 12.0.31101.0
MinimumVisualStudioVersion = 10.0.40219.1
Project("{FAE04EC0-301F-11D3-BF4B-00C04F79EFBC}") = "HerokoRimaAdministracion", "HerokoRima\HerokoRimaAdministracion.csproj", "{488FC6B4-46AC-4976-AD94-C6DBD14F2EBE}"
EndProject
Project("{FAE04EC0-301F-11D3-BF4B-00C04F79EFBC}") = "HerokoRimaTest", "HerokoRimaTest\HerokoRimaTest.csproj", "{6668A5C8-69D2-444E-A505-0A7554841286}"
EndProject
Project("{FAE04EC0-301F-11D3-BF4B-00C04F79EFBC}") = "HerokoRimaEntrada", "HerokoRimaEntrada\HerokoRimaEntrada.csproj", "{284B4517-17CD-4884-B9EC-2BDEEED53A5C}"
EndProject
Global
	GlobalSection(SolutionConfigurationPlatforms) = preSolution
		Debug|Any CPU = Debug|Any CPU
		Release|Any CPU = Release|Any CPU
	EndGlobalSection
	GlobalSection(ProjectConfigurationPlatforms) = postSolution
		{488FC6B4-46AC-4976-AD94-C6DBD14F2EBE}.Debug|Any CPU.ActiveCfg = Debug|Any CPU
		{488FC6B4-46AC-4976-AD94-C6DBD14F2EBE}.Debug|Any CPU.Build.0 = Debug|Any CPU
		{488FC6B4-46AC-4976-AD94-C6DBD14F2EBE}.Release|Any CPU.ActiveCfg = Release|Any CPU
		{488FC6B4-46AC-4976-AD94-C6DBD14F2EBE}.Release|Any CPU.Build.0 = Release|Any CPU
		{6668A5C8-69D2-444E-A505-0A7554841286}.Debug|Any CPU.ActiveCfg = Debug|Any CPU
		{6668A5C8-69D2-444E-A505-0A7554841286}.Debug|Any CPU.Build.0 = Debug|Any CPU
		{6668A5C8-69D2-444E-A505-0A7554841286}.Release|Any CPU.ActiveCfg = Release|Any CPU
		{6668A5C8-69D2-444E-A505-0A7554841286}.Release|Any CPU.Build.0 = Release|Any CPU
		{284B4517-17CD-4884-B9EC-2BDEEED53A5C}.Debug|Any CPU.ActiveCfg = Debug|Any CPU
		{284B4517-17CD-4884-B9EC-2BDEEED53A5C}.Debug|Any CPU.Build.0 = Debug|Any CPU
		{284B4517-17CD-4884-B9EC-2BDEEED53A5C}.Release|Any CPU.ActiveCfg = Release|Any CPU
		{284B4517-17CD-4884-B9EC-2BDEEED53A5C}.Release|Any CPU.Build.0 = Release|Any CPU
	EndGlobalSection
	GlobalSection(SolutionProperties) = preSolution
		HideSolutionNode = FALSE
	EndGlobalSection
EndGlobal
